// !$*UTF8*$!
{
	archiveVersion = 1;
	classes = {
	};
	objectVersion = 50;
	objects = {

/* Begin PBXBuildFile section */
		45EF525023BB83F700543564 /* AppDelegate.swift in Sources */ = {isa = PBXBuildFile; fileRef = 45EF524F23BB83F700543564 /* AppDelegate.swift */; };
		45EF525223BB83F700543564 /* SceneDelegate.swift in Sources */ = {isa = PBXBuildFile; fileRef = 45EF525123BB83F700543564 /* SceneDelegate.swift */; };
		45EF525523BB83F700543564 /* PizzaRestaurantApp.xcdatamodeld in Sources */ = {isa = PBXBuildFile; fileRef = 45EF525323BB83F700543564 /* PizzaRestaurantApp.xcdatamodeld */; };
		45EF525723BB83F700543564 /* ContentView.swift in Sources */ = {isa = PBXBuildFile; fileRef = 45EF525623BB83F700543564 /* ContentView.swift */; };
		45EF525923BB83FB00543564 /* Assets.xcassets in Resources */ = {isa = PBXBuildFile; fileRef = 45EF525823BB83FB00543564 /* Assets.xcassets */; };
		45EF525C23BB83FB00543564 /* Preview Assets.xcassets in Resources */ = {isa = PBXBuildFile; fileRef = 45EF525B23BB83FB00543564 /* Preview Assets.xcassets */; };
		45EF525F23BB83FB00543564 /* LaunchScreen.storyboard in Resources */ = {isa = PBXBuildFile; fileRef = 45EF525D23BB83FB00543564 /* LaunchScreen.storyboard */; };
		45EF526A23BB83FB00543564 /* PizzaRestaurantAppTests.swift in Sources */ = {isa = PBXBuildFile; fileRef = 45EF526923BB83FB00543564 /* PizzaRestaurantAppTests.swift */; };
		45EF527523BB83FB00543564 /* PizzaRestaurantAppUITests.swift in Sources */ = {isa = PBXBuildFile; fileRef = 45EF527423BB83FB00543564 /* PizzaRestaurantAppUITests.swift */; };
		45EF528323BB8BB100543564 /* OrderSheet.swift in Sources */ = {isa = PBXBuildFile; fileRef = 45EF528223BB8BB100543564 /* OrderSheet.swift */; };
		45EF528623BB94F700543564 /* Order+CoreDataClass.swift in Sources */ = {isa = PBXBuildFile; fileRef = 45EF528423BB94F700543564 /* Order+CoreDataClass.swift */; };
		45EF528723BB94F700543564 /* Order+CoreDataProperties.swift in Sources */ = {isa = PBXBuildFile; fileRef = 45EF528523BB94F700543564 /* Order+CoreDataProperties.swift */; };
/* End PBXBuildFile section */

/* Begin PBXContainerItemProxy section */
		45EF526623BB83FB00543564 /* PBXContainerItemProxy */ = {
			isa = PBXContainerItemProxy;
			containerPortal = 45EF524423BB83F700543564 /* Project object */;
			proxyType = 1;
			remoteGlobalIDString = 45EF524B23BB83F700543564;
			remoteInfo = PizzaRestaurantApp;
		};
		45EF527123BB83FB00543564 /* PBXContainerItemProxy */ = {
			isa = PBXContainerItemProxy;
			containerPortal = 45EF524423BB83F700543564 /* Project object */;
			proxyType = 1;
			remoteGlobalIDString = 45EF524B23BB83F700543564;
			remoteInfo = PizzaRestaurantApp;
		};
/* End PBXContainerItemProxy section */

/* Begin PBXFileReference section */
		45EF524C23BB83F700543564 /* PizzaRestaurantApp.app */ = {isa = PBXFileReference; explicitFileType = wrapper.application; includeInIndex = 0; path = PizzaRestaurantApp.app; sourceTree = BUILT_PRODUCTS_DIR; };
		45EF524F23BB83F700543564 /* AppDelegate.swift */ = {isa = PBXFileReference; lastKnownFileType = sourcecode.swift; path = AppDelegate.swift; sourceTree = "<group>"; };
		45EF525123BB83F700543564 /* SceneDelegate.swift */ = {isa = PBXFileReference; lastKnownFileType = sourcecode.swift; path = SceneDelegate.swift; sourceTree = "<group>"; };
		45EF525423BB83F700543564 /* PizzaRestaurantApp.xcdatamodel */ = {isa = PBXFileReference; lastKnownFileType = wrapper.xcdatamodel; path = PizzaRestaurantApp.xcdatamodel; sourceTree = "<group>"; };
		45EF525623BB83F700543564 /* ContentView.swift */ = {isa = PBXFileReference; lastKnownFileType = sourcecode.swift; path = ContentView.swift; sourceTree = "<group>"; };
		45EF525823BB83FB00543564 /* Assets.xcassets */ = {isa = PBXFileReference; lastKnownFileType = folder.assetcatalog; path = Assets.xcassets; sourceTree = "<group>"; };
		45EF525B23BB83FB00543564 /* Preview Assets.xcassets */ = {isa = PBXFileReference; lastKnownFileType = folder.assetcatalog; path = "Preview Assets.xcassets"; sourceTree = "<group>"; };
		45EF525E23BB83FB00543564 /* Base */ = {isa = PBXFileReference; lastKnownFileType = file.storyboard; name = Base; path = Base.lproj/LaunchScreen.storyboard; sourceTree = "<group>"; };
		45EF526023BB83FB00543564 /* Info.plist */ = {isa = PBXFileReference; lastKnownFileType = text.plist.xml; path = Info.plist; sourceTree = "<group>"; };
		45EF526523BB83FB00543564 /* PizzaRestaurantAppTests.xctest */ = {isa = PBXFileReference; explicitFileType = wrapper.cfbundle; includeInIndex = 0; path = PizzaRestaurantAppTests.xctest; sourceTree = BUILT_PRODUCTS_DIR; };
		45EF526923BB83FB00543564 /* PizzaRestaurantAppTests.swift */ = {isa = PBXFileReference; lastKnownFileType = sourcecode.swift; path = PizzaRestaurantAppTests.swift; sourceTree = "<group>"; };
		45EF526B23BB83FB00543564 /* Info.plist */ = {isa = PBXFileReference; lastKnownFileType = text.plist.xml; path = Info.plist; sourceTree = "<group>"; };
		45EF527023BB83FB00543564 /* PizzaRestaurantAppUITests.xctest */ = {isa = PBXFileReference; explicitFileType = wrapper.cfbundle; includeInIndex = 0; path = PizzaRestaurantAppUITests.xctest; sourceTree = BUILT_PRODUCTS_DIR; };
		45EF527423BB83FB00543564 /* PizzaRestaurantAppUITests.swift */ = {isa = PBXFileReference; lastKnownFileType = sourcecode.swift; path = PizzaRestaurantAppUITests.swift; sourceTree = "<group>"; };
		45EF527623BB83FB00543564 /* Info.plist */ = {isa = PBXFileReference; lastKnownFileType = text.plist.xml; path = Info.plist; sourceTree = "<group>"; };
		45EF528223BB8BB100543564 /* OrderSheet.swift */ = {isa = PBXFileReference; lastKnownFileType = sourcecode.swift; path = OrderSheet.swift; sourceTree = "<group>"; };
		45EF528423BB94F700543564 /* Order+CoreDataClass.swift */ = {isa = PBXFileReference; lastKnownFileType = sourcecode.swift; path = "Order+CoreDataClass.swift"; sourceTree = "<group>"; };
		45EF528523BB94F700543564 /* Order+CoreDataProperties.swift */ = {isa = PBXFileReference; lastKnownFileType = sourcecode.swift; path = "Order+CoreDataProperties.swift"; sourceTree = "<group>"; };
/* End PBXFileReference section */

/* Begin PBXFrameworksBuildPhase section */
		45EF524923BB83F700543564 /* Frameworks */ = {
			isa = PBXFrameworksBuildPhase;
			buildActionMask = 2147483647;
			files = (
			);
			runOnlyForDeploymentPostprocessing = 0;
		};
		45EF526223BB83FB00543564 /* Frameworks */ = {
			isa = PBXFrameworksBuildPhase;
			buildActionMask = 2147483647;
			files = (
			);
			runOnlyForDeploymentPostprocessing = 0;
		};
		45EF526D23BB83FB00543564 /* Frameworks */ = {
			isa = PBXFrameworksBuildPhase;
			buildActionMask = 2147483647;
			files = (
			);
			runOnlyForDeploymentPostprocessing = 0;
		};
/* End PBXFrameworksBuildPhase section */

/* Begin PBXGroup section */
		45EF524323BB83F700543564 = {
			isa = PBXGroup;
			children = (
				45EF524E23BB83F700543564 /* PizzaRestaurantApp */,
				45EF526823BB83FB00543564 /* PizzaRestaurantAppTests */,
				45EF527323BB83FB00543564 /* PizzaRestaurantAppUITests */,
				45EF524D23BB83F700543564 /* Products */,
			);
			sourceTree = "<group>";
		};
		45EF524D23BB83F700543564 /* Products */ = {
			isa = PBXGroup;
			children = (
				45EF524C23BB83F700543564 /* PizzaRestaurantApp.app */,
				45EF526523BB83FB00543564 /* PizzaRestaurantAppTests.xctest */,
				45EF527023BB83FB00543564 /* PizzaRestaurantAppUITests.xctest */,
			);
			name = Products;
			sourceTree = "<group>";
		};
		45EF524E23BB83F700543564 /* PizzaRestaurantApp */ = {
			isa = PBXGroup;
			children = (
				45EF524F23BB83F700543564 /* AppDelegate.swift */,
				45EF525123BB83F700543564 /* SceneDelegate.swift */,
				45EF525623BB83F700543564 /* ContentView.swift */,
				45EF528223BB8BB100543564 /* OrderSheet.swift */,
				45EF525823BB83FB00543564 /* Assets.xcassets */,
				45EF525D23BB83FB00543564 /* LaunchScreen.storyboard */,
				45EF526023BB83FB00543564 /* Info.plist */,
				45EF525323BB83F700543564 /* PizzaRestaurantApp.xcdatamodeld */,
				45EF528423BB94F700543564 /* Order+CoreDataClass.swift */,
				45EF528523BB94F700543564 /* Order+CoreDataProperties.swift */,
				45EF525A23BB83FB00543564 /* Preview Content */,
			);
			path = PizzaRestaurantApp;
			sourceTree = "<group>";
		};
		45EF525A23BB83FB00543564 /* Preview Content */ = {
			isa = PBXGroup;
			children = (
				45EF525B23BB83FB00543564 /* Preview Assets.xcassets */,
			);
			path = "Preview Content";
			sourceTree = "<group>";
		};
		45EF526823BB83FB00543564 /* PizzaRestaurantAppTests */ = {
			isa = PBXGroup;
			children = (
				45EF526923BB83FB00543564 /* PizzaRestaurantAppTests.swift */,
				45EF526B23BB83FB00543564 /* Info.plist */,
			);
			path = PizzaRestaurantAppTests;
			sourceTree = "<group>";
		};
		45EF527323BB83FB00543564 /* PizzaRestaurantAppUITests */ = {
			isa = PBXGroup;
			children = (
				45EF527423BB83FB00543564 /* PizzaRestaurantAppUITests.swift */,
				45EF527623BB83FB00543564 /* Info.plist */,
			);
			path = PizzaRestaurantAppUITests;
			sourceTree = "<group>";
		};
/* End PBXGroup section */

/* Begin PBXNativeTarget section */
		45EF524B23BB83F700543564 /* PizzaRestaurantApp */ = {
			isa = PBXNativeTarget;
			buildConfigurationList = 45EF527923BB83FB00543564 /* Build configuration list for PBXNativeTarget "PizzaRestaurantApp" */;
			buildPhases = (
				45EF524823BB83F700543564 /* Sources */,
				45EF524923BB83F700543564 /* Frameworks */,
				45EF524A23BB83F700543564 /* Resources */,
			);
			buildRules = (
			);
			dependencies = (
			);
			name = PizzaRestaurantApp;
			productName = PizzaRestaurantApp;
			productReference = 45EF524C23BB83F700543564 /* PizzaRestaurantApp.app */;
			productType = "com.apple.product-type.application";
		};
		45EF526423BB83FB00543564 /* PizzaRestaurantAppTests */ = {
			isa = PBXNativeTarget;
			buildConfigurationList = 45EF527C23BB83FB00543564 /* Build configuration list for PBXNativeTarget "PizzaRestaurantAppTests" */;
			buildPhases = (
				45EF526123BB83FB00543564 /* Sources */,
				45EF526223BB83FB00543564 /* Frameworks */,
				45EF526323BB83FB00543564 /* Resources */,
			);
			buildRules = (
			);
			dependencies = (
				45EF526723BB83FB00543564 /* PBXTargetDependency */,
			);
			name = PizzaRestaurantAppTests;
			productName = PizzaRestaurantAppTests;
			productReference = 45EF526523BB83FB00543564 /* PizzaRestaurantAppTests.xctest */;
			productType = "com.apple.product-type.bundle.unit-test";
		};
		45EF526F23BB83FB00543564 /* PizzaRestaurantAppUITests */ = {
			isa = PBXNativeTarget;
			buildConfigurationList = 45EF527F23BB83FB00543564 /* Build configuration list for PBXNativeTarget "PizzaRestaurantAppUITests" */;
			buildPhases = (
				45EF526C23BB83FB00543564 /* Sources */,
				45EF526D23BB83FB00543564 /* Frameworks */,
				45EF526E23BB83FB00543564 /* Resources */,
			);
			buildRules = (
			);
			dependencies = (
				45EF527223BB83FB00543564 /* PBXTargetDependency */,
			);
			name = PizzaRestaurantAppUITests;
			productName = PizzaRestaurantAppUITests;
			productReference = 45EF527023BB83FB00543564 /* PizzaRestaurantAppUITests.xctest */;
			productType = "com.apple.product-type.bundle.ui-testing";
		};
/* End PBXNativeTarget section */

/* Begin PBXProject section */
		45EF524423BB83F700543564 /* Project object */ = {
			isa = PBXProject;
			attributes = {
				LastSwiftUpdateCheck = 1130;
				LastUpgradeCheck = 1130;
				ORGANIZATIONNAME = "Andreas Schultz";
				TargetAttributes = {
					45EF524B23BB83F700543564 = {
						CreatedOnToolsVersion = 11.3;
					};
					45EF526423BB83FB00543564 = {
						CreatedOnToolsVersion = 11.3;
						TestTargetID = 45EF524B23BB83F700543564;
					};
					45EF526F23BB83FB00543564 = {
						CreatedOnToolsVersion = 11.3;
						TestTargetID = 45EF524B23BB83F700543564;
					};
				};
			};
			buildConfigurationList = 45EF524723BB83F700543564 /* Build configuration list for PBXProject "PizzaRestaurantApp" */;
			compatibilityVersion = "Xcode 9.3";
			developmentRegion = en;
			hasScannedForEncodings = 0;
			knownRegions = (
				en,
				Base,
			);
			mainGroup = 45EF524323BB83F700543564;
			productRefGroup = 45EF524D23BB83F700543564 /* Products */;
			projectDirPath = "";
			projectRoot = "";
			targets = (
				45EF524B23BB83F700543564 /* PizzaRestaurantApp */,
				45EF526423BB83FB00543564 /* PizzaRestaurantAppTests */,
				45EF526F23BB83FB00543564 /* PizzaRestaurantAppUITests */,
			);
		};
/* End PBXProject section */

/* Begin PBXResourcesBuildPhase section */
		45EF524A23BB83F700543564 /* Resources */ = {
			isa = PBXResourcesBuildPhase;
			buildActionMask = 2147483647;
			files = (
				45EF525F23BB83FB00543564 /* LaunchScreen.storyboard in Resources */,
				45EF525C23BB83FB00543564 /* Preview Assets.xcassets in Resources */,
				45EF525923BB83FB00543564 /* Assets.xcassets in Resources */,
			);
			runOnlyForDeploymentPostprocessing = 0;
		};
		45EF526323BB83FB00543564 /* Resources */ = {
			isa = PBXResourcesBuildPhase;
			buildActionMask = 2147483647;
			files = (
			);
			runOnlyForDeploymentPostprocessing = 0;
		};
		45EF526E23BB83FB00543564 /* Resources */ = {
			isa = PBXResourcesBuildPhase;
			buildActionMask = 2147483647;
			files = (
			);
			runOnlyForDeploymentPostprocessing = 0;
		};
/* End PBXResourcesBuildPhase section */

/* Begin PBXSourcesBuildPhase section */
		45EF524823BB83F700543564 /* Sources */ = {
			isa = PBXSourcesBuildPhase;
			buildActionMask = 2147483647;
			files = (
				45EF528723BB94F700543564 /* Order+CoreDataProperties.swift in Sources */,
				45EF528323BB8BB100543564 /* OrderSheet.swift in Sources */,
				45EF525023BB83F700543564 /* AppDelegate.swift in Sources */,
				45EF525523BB83F700543564 /* PizzaRestaurantApp.xcdatamodeld in Sources */,
				45EF525723BB83F700543564 /* ContentView.swift in Sources */,
				45EF528623BB94F700543564 /* Order+CoreDataClass.swift in Sources */,
				45EF525223BB83F700543564 /* SceneDelegate.swift in Sources */,
			);
			runOnlyForDeploymentPostprocessing = 0;
		};
		45EF526123BB83FB00543564 /* Sources */ = {
			isa = PBXSourcesBuildPhase;
			buildActionMask = 2147483647;
			files = (
				45EF526A23BB83FB00543564 /* PizzaRestaurantAppTests.swift in Sources */,
			);
			runOnlyForDeploymentPostprocessing = 0;
		};
		45EF526C23BB83FB00543564 /* Sources */ = {
			isa = PBXSourcesBuildPhase;
			buildActionMask = 2147483647;
			files = (
				45EF527523BB83FB00543564 /* PizzaRestaurantAppUITests.swift in Sources */,
			);
			runOnlyForDeploymentPostprocessing = 0;
		};
/* End PBXSourcesBuildPhase section */

/* Begin PBXTargetDependency section */
		45EF526723BB83FB00543564 /* PBXTargetDependency */ = {
			isa = PBXTargetDependency;
			target = 45EF524B23BB83F700543564 /* PizzaRestaurantApp */;
			targetProxy = 45EF526623BB83FB00543564 /* PBXContainerItemProxy */;
		};
		45EF527223BB83FB00543564 /* PBXTargetDependency */ = {
			isa = PBXTargetDependency;
			target = 45EF524B23BB83F700543564 /* PizzaRestaurantApp */;
			targetProxy = 45EF527123BB83FB00543564 /* PBXContainerItemProxy */;
		};
/* End PBXTargetDependency section */

/* Begin PBXVariantGroup section */
		45EF525D23BB83FB00543564 /* LaunchScreen.storyboard */ = {
			isa = PBXVariantGroup;
			children = (
				45EF525E23BB83FB00543564 /* Base */,
			);
			name = LaunchScreen.storyboard;
			sourceTree = "<group>";
		};
/* End PBXVariantGroup section */

/* Begin XCBuildConfiguration section */
		45EF527723BB83FB00543564 /* Debug */ = {
			isa = XCBuildConfiguration;
			buildSettings = {
				ALWAYS_SEARCH_USER_PATHS = NO;
				CLANG_ANALYZER_NONNULL = YES;
				CLANG_ANALYZER_NUMBER_OBJECT_CONVERSION = YES_AGGRESSIVE;
				CLANG_CXX_LANGUAGE_STANDARD = "gnu++14";
				CLANG_CXX_LIBRARY = "libc++";
				CLANG_ENABLE_MODULES = YES;
				CLANG_ENABLE_OBJC_ARC = YES;
				CLANG_ENABLE_OBJC_WEAK = YES;
				CLANG_WARN_BLOCK_CAPTURE_AUTORELEASING = YES;
				CLANG_WARN_BOOL_CONVERSION = YES;
				CLANG_WARN_COMMA = YES;
				CLANG_WARN_CONSTANT_CONVERSION = YES;
				CLANG_WARN_DEPRECATED_OBJC_IMPLEMENTATIONS = YES;
				CLANG_WARN_DIRECT_OBJC_ISA_USAGE = YES_ERROR;
				CLANG_WARN_DOCUMENTATION_COMMENTS = YES;
				CLANG_WARN_EMPTY_BODY = YES;
				CLANG_WARN_ENUM_CONVERSION = YES;
				CLANG_WARN_INFINITE_RECURSION = YES;
				CLANG_WARN_INT_CONVERSION = YES;
				CLANG_WARN_NON_LITERAL_NULL_CONVERSION = YES;
				CLANG_WARN_OBJC_IMPLICIT_RETAIN_SELF = YES;
				CLANG_WARN_OBJC_LITERAL_CONVERSION = YES;
				CLANG_WARN_OBJC_ROOT_CLASS = YES_ERROR;
				CLANG_WARN_RANGE_LOOP_ANALYSIS = YES;
				CLANG_WARN_STRICT_PROTOTYPES = YES;
				CLANG_WARN_SUSPICIOUS_MOVE = YES;
				CLANG_WARN_UNGUARDED_AVAILABILITY = YES_AGGRESSIVE;
				CLANG_WARN_UNREACHABLE_CODE = YES;
				CLANG_WARN__DUPLICATE_METHOD_MATCH = YES;
				COPY_PHASE_STRIP = NO;
				DEBUG_INFORMATION_FORMAT = dwarf;
				ENABLE_STRICT_OBJC_MSGSEND = YES;
				ENABLE_TESTABILITY = YES;
				GCC_C_LANGUAGE_STANDARD = gnu11;
				GCC_DYNAMIC_NO_PIC = NO;
				GCC_NO_COMMON_BLOCKS = YES;
				GCC_OPTIMIZATION_LEVEL = 0;
				GCC_PREPROCESSOR_DEFINITIONS = (
					"DEBUG=1",
					"$(inherited)",
				);
				GCC_WARN_64_TO_32_BIT_CONVERSION = YES;
				GCC_WARN_ABOUT_RETURN_TYPE = YES_ERROR;
				GCC_WARN_UNDECLARED_SELECTOR = YES;
				GCC_WARN_UNINITIALIZED_AUTOS = YES_AGGRESSIVE;
				GCC_WARN_UNUSED_FUNCTION = YES;
				GCC_WARN_UNUSED_VARIABLE = YES;
				IPHONEOS_DEPLOYMENT_TARGET = 13.2;
				MTL_ENABLE_DEBUG_INFO = INCLUDE_SOURCE;
				MTL_FAST_MATH = YES;
				ONLY_ACTIVE_ARCH = YES;
				SDKROOT = iphoneos;
				SWIFT_ACTIVE_COMPILATION_CONDITIONS = DEBUG;
				SWIFT_OPTIMIZATION_LEVEL = "-Onone";
			};
			name = Debug;
		};
		45EF527823BB83FB00543564 /* Release */ = {
			isa = XCBuildConfiguration;
			buildSettings = {
				ALWAYS_SEARCH_USER_PATHS = NO;
				CLANG_ANALYZER_NONNULL = YES;
				CLANG_ANALYZER_NUMBER_OBJECT_CONVERSION = YES_AGGRESSIVE;
				CLANG_CXX_LANGUAGE_STANDARD = "gnu++14";
				CLANG_CXX_LIBRARY = "libc++";
				CLANG_ENABLE_MODULES = YES;
				CLANG_ENABLE_OBJC_ARC = YES;
				CLANG_ENABLE_OBJC_WEAK = YES;
				CLANG_WARN_BLOCK_CAPTURE_AUTORELEASING = YES;
				CLANG_WARN_BOOL_CONVERSION = YES;
				CLANG_WARN_COMMA = YES;
				CLANG_WARN_CONSTANT_CONVERSION = YES;
				CLANG_WARN_DEPRECATED_OBJC_IMPLEMENTATIONS = YES;
				CLANG_WARN_DIRECT_OBJC_ISA_USAGE = YES_ERROR;
				CLANG_WARN_DOCUMENTATION_COMMENTS = YES;
				CLANG_WARN_EMPTY_BODY = YES;
				CLANG_WARN_ENUM_CONVERSION = YES;
				CLANG_WARN_INFINITE_RECURSION = YES;
				CLANG_WARN_INT_CONVERSION = YES;
				CLANG_WARN_NON_LITERAL_NULL_CONVERSION = YES;
				CLANG_WARN_OBJC_IMPLICIT_RETAIN_SELF = YES;
				CLANG_WARN_OBJC_LITERAL_CONVERSION = YES;
				CLANG_WARN_OBJC_ROOT_CLASS = YES_ERROR;
				CLANG_WARN_RANGE_LOOP_ANALYSIS = YES;
				CLANG_WARN_STRICT_PROTOTYPES = YES;
				CLANG_WARN_SUSPICIOUS_MOVE = YES;
				CLANG_WARN_UNGUARDED_AVAILABILITY = YES_AGGRESSIVE;
				CLANG_WARN_UNREACHABLE_CODE = YES;
				CLANG_WARN__DUPLICATE_METHOD_MATCH = YES;
				COPY_PHASE_STRIP = NO;
				DEBUG_INFORMATION_FORMAT = "dwarf-with-dsym";
				ENABLE_NS_ASSERTIONS = NO;
				ENABLE_STRICT_OBJC_MSGSEND = YES;
				GCC_C_LANGUAGE_STANDARD = gnu11;
				GCC_NO_COMMON_BLOCKS = YES;
				GCC_WARN_64_TO_32_BIT_CONVERSION = YES;
				GCC_WARN_ABOUT_RETURN_TYPE = YES_ERROR;
				GCC_WARN_UNDECLARED_SELECTOR = YES;
				GCC_WARN_UNINITIALIZED_AUTOS = YES_AGGRESSIVE;
				GCC_WARN_UNUSED_FUNCTION = YES;
				GCC_WARN_UNUSED_VARIABLE = YES;
				IPHONEOS_DEPLOYMENT_TARGET = 13.2;
				MTL_ENABLE_DEBUG_INFO = NO;
				MTL_FAST_MATH = YES;
				SDKROOT = iphoneos;
				SWIFT_COMPILATION_MODE = wholemodule;
				SWIFT_OPTIMIZATION_LEVEL = "-O";
				VALIDATE_PRODUCT = YES;
			};
			name = Release;
		};
		45EF527A23BB83FB00543564 /* Debug */ = {
			isa = XCBuildConfiguration;
			buildSettings = {
				ASSETCATALOG_COMPILER_APPICON_NAME = AppIcon;
				CODE_SIGN_STYLE = Automatic;
				DEVELOPMENT_ASSET_PATHS = "\"PizzaRestaurantApp/Preview Content\"";
				DEVELOPMENT_TEAM = Q5Q99Q7248;
				ENABLE_PREVIEWS = YES;
				INFOPLIST_FILE = PizzaRestaurantApp/Info.plist;
				LD_RUNPATH_SEARCH_PATHS = (
					"$(inherited)",
					"@executable_path/Frameworks",
				);
				PRODUCT_BUNDLE_IDENTIFIER = com.andreasschultz.PizzaRestaurantApp;
				PRODUCT_NAME = "$(TARGET_NAME)";
				SWIFT_VERSION = 5.0;
				TARGETED_DEVICE_FAMILY = "1,2";
			};
			name = Debug;
		};
		45EF527B23BB83FB00543564 /* Release */ = {
			isa = XCBuildConfiguration;
			buildSettings = {
				ASSETCATALOG_COMPILER_APPICON_NAME = AppIcon;
				CODE_SIGN_STYLE = Automatic;
				DEVELOPMENT_ASSET_PATHS = "\"PizzaRestaurantApp/Preview Content\"";
				DEVELOPMENT_TEAM = Q5Q99Q7248;
				ENABLE_PREVIEWS = YES;
				INFOPLIST_FILE = PizzaRestaurantApp/Info.plist;
				LD_RUNPATH_SEARCH_PATHS = (
					"$(inherited)",
					"@executable_path/Frameworks",
				);
				PRODUCT_BUNDLE_IDENTIFIER = com.andreasschultz.PizzaRestaurantApp;
				PRODUCT_NAME = "$(TARGET_NAME)";
				SWIFT_VERSION = 5.0;
				TARGETED_DEVICE_FAMILY = "1,2";
			};
			name = Release;
		};
		45EF527D23BB83FB00543564 /* Debug */ = {
			isa = XCBuildConfiguration;
			buildSettings = {
				ALWAYS_EMBED_SWIFT_STANDARD_LIBRARIES = YES;
				BUNDLE_LOADER = "$(TEST_HOST)";
				CODE_SIGN_STYLE = Automatic;
				DEVELOPMENT_TEAM = Q5Q99Q7248;
				INFOPLIST_FILE = PizzaRestaurantAppTests/Info.plist;
				IPHONEOS_DEPLOYMENT_TARGET = 13.2;
				LD_RUNPATH_SEARCH_PATHS = (
					"$(inherited)",
					"@executable_path/Frameworks",
					"@loader_path/Frameworks",
				);
				PRODUCT_BUNDLE_IDENTIFIER = com.andreasschultz.PizzaRestaurantAppTests;
				PRODUCT_NAME = "$(TARGET_NAME)";
				SWIFT_VERSION = 5.0;
				TARGETED_DEVICE_FAMILY = "1,2";
				TEST_HOST = "$(BUILT_PRODUCTS_DIR)/PizzaRestaurantApp.app/PizzaRestaurantApp";
			};
			name = Debug;
		};
		45EF527E23BB83FB00543564 /* Release */ = {
			isa = XCBuildConfiguration;
			buildSettings = {
				ALWAYS_EMBED_SWIFT_STANDARD_LIBRARIES = YES;
				BUNDLE_LOADER = "$(TEST_HOST)";
				CODE_SIGN_STYLE = Automatic;
				DEVELOPMENT_TEAM = Q5Q99Q7248;
				INFOPLIST_FILE = PizzaRestaurantAppTests/Info.plist;
				IPHONEOS_DEPLOYMENT_TARGET = 13.2;
				LD_RUNPATH_SEARCH_PATHS = (
					"$(inherited)",
					"@executable_path/Frameworks",
					"@loader_path/Frameworks",
				);
				PRODUCT_BUNDLE_IDENTIFIER = com.andreasschultz.PizzaRestaurantAppTests;
				PRODUCT_NAME = "$(TARGET_NAME)";
				SWIFT_VERSION = 5.0;
				TARGETED_DEVICE_FAMILY = "1,2";
				TEST_HOST = "$(BUILT_PRODUCTS_DIR)/PizzaRestaurantApp.app/PizzaRestaurantApp";
			};
			name = Release;
		};
		45EF528023BB83FB00543564 /* Debug */ = {
			isa = XCBuildConfiguration;
			buildSettings = {
				ALWAYS_EMBED_SWIFT_STANDARD_LIBRARIES = YES;
				CODE_SIGN_STYLE = Automatic;
				DEVELOPMENT_TEAM = Q5Q99Q7248;
				INFOPLIST_FILE = PizzaRestaurantAppUITests/Info.plist;
				LD_RUNPATH_SEARCH_PATHS = (
					"$(inherited)",
					"@executable_path/Frameworks",
					"@loader_path/Frameworks",
				);
				PRODUCT_BUNDLE_IDENTIFIER = com.andreasschultz.PizzaRestaurantAppUITests;
				PRODUCT_NAME = "$(TARGET_NAME)";
				SWIFT_VERSION = 5.0;
				TARGETED_DEVICE_FAMILY = "1,2";
				TEST_TARGET_NAME = PizzaRestaurantApp;
			};
			name = Debug;
		};
		45EF528123BB83FB00543564 /* Release */ = {
			isa = XCBuildConfiguration;
			buildSettings = {
				ALWAYS_EMBED_SWIFT_STANDARD_LIBRARIES = YES;
				CODE_SIGN_STYLE = Automatic;
				DEVELOPMENT_TEAM = Q5Q99Q7248;
				INFOPLIST_FILE = PizzaRestaurantAppUITests/Info.plist;
				LD_RUNPATH_SEARCH_PATHS = (
					"$(inherited)",
					"@executable_path/Frameworks",
					"@loader_path/Frameworks",
				);
				PRODUCT_BUNDLE_IDENTIFIER = com.andreasschultz.PizzaRestaurantAppUITests;
				PRODUCT_NAME = "$(TARGET_NAME)";
				SWIFT_VERSION = 5.0;
				TARGETED_DEVICE_FAMILY = "1,2";
				TEST_TARGET_NAME = PizzaRestaurantApp;
			};
			name = Release;
		};
/* End XCBuildConfiguration section */

/* Begin XCConfigurationList section */
		45EF524723BB83F700543564 /* Build configuration list for PBXProject "PizzaRestaurantApp" */ = {
			isa = XCConfigurationList;
			buildConfigurations = (
				45EF527723BB83FB00543564 /* Debug */,
				45EF527823BB83FB00543564 /* Release */,
			);
			defaultConfigurationIsVisible = 0;
			defaultConfigurationName = Release;
		};
		45EF527923BB83FB00543564 /* Build configuration list for PBXNativeTarget "PizzaRestaurantApp" */ = {
			isa = XCConfigurationList;
			buildConfigurations = (
				45EF527A23BB83FB00543564 /* Debug */,
				45EF527B23BB83FB00543564 /* Release */,
			);
			defaultConfigurationIsVisible = 0;
			defaultConfigurationName = Release;
		};
		45EF527C23BB83FB00543564 /* Build configuration list for PBXNativeTarget "PizzaRestaurantAppTests" */ = {
			isa = XCConfigurationList;
			buildConfigurations = (
				45EF527D23BB83FB00543564 /* Debug */,
				45EF527E23BB83FB00543564 /* Release */,
			);
			defaultConfigurationIsVisible = 0;
			defaultConfigurationName = Release;
		};
		45EF527F23BB83FB00543564 /* Build configuration list for PBXNativeTarget "PizzaRestaurantAppUITests" */ = {
			isa = XCConfigurationList;
			buildConfigurations = (
				45EF528023BB83FB00543564 /* Debug */,
				45EF528123BB83FB00543564 /* Release */,
			);
			defaultConfigurationIsVisible = 0;
			defaultConfigurationName = Release;
		};
/* End XCConfigurationList section */

/* Begin XCVersionGroup section */
		45EF525323BB83F700543564 /* PizzaRestaurantApp.xcdatamodeld */ = {
			isa = XCVersionGroup;
			children = (
				45EF525423BB83F700543564 /* PizzaRestaurantApp.xcdatamodel */,
			);
			currentVersion = 45EF525423BB83F700543564 /* PizzaRestaurantApp.xcdatamodel */;
			path = PizzaRestaurantApp.xcdatamodeld;
			sourceTree = "<group>";
			versionGroupType = wrapper.xcdatamodel;
		};
/* End XCVersionGroup section */
	};
	rootObject = 45EF524423BB83F700543564 /* Project object */;
}
