// !$*UTF8*$!
{
	archiveVersion = 1;
	classes = {
	};
	objectVersion = 50;
	objects = {

/* Begin PBXBuildFile section */
		45520472251E58FD00C40EAD /* PizzaRestaurantApp.swift in Sources */ = {isa = PBXBuildFile; fileRef = 45520471251E58FD00C40EAD /* PizzaRestaurantApp.swift */; };
		45520474251E58FD00C40EAD /* ContentView.swift in Sources */ = {isa = PBXBuildFile; fileRef = 45520473251E58FD00C40EAD /* ContentView.swift */; };
		45520476251E590000C40EAD /* Assets.xcassets in Resources */ = {isa = PBXBuildFile; fileRef = 45520475251E590000C40EAD /* Assets.xcassets */; };
		45520479251E590000C40EAD /* Preview Assets.xcassets in Resources */ = {isa = PBXBuildFile; fileRef = 45520478251E590000C40EAD /* Preview Assets.xcassets */; };
		4552047B251E590000C40EAD /* Persistence.swift in Sources */ = {isa = PBXBuildFile; fileRef = 4552047A251E590000C40EAD /* Persistence.swift */; };
		4552047E251E590000C40EAD /* PizzaRestaurant.xcdatamodeld in Sources */ = {isa = PBXBuildFile; fileRef = 4552047C251E590000C40EAD /* PizzaRestaurant.xcdatamodeld */; };
		45673E5825208959003AF2BE /* Order+CoreDataClass.swift in Sources */ = {isa = PBXBuildFile; fileRef = 45673E5625208959003AF2BE /* Order+CoreDataClass.swift */; };
		45673E5925208959003AF2BE /* Order+CoreDataProperties.swift in Sources */ = {isa = PBXBuildFile; fileRef = 45673E5725208959003AF2BE /* Order+CoreDataProperties.swift */; };
		45673E7E25208DDC003AF2BE /* OrderSheet.swift in Sources */ = {isa = PBXBuildFile; fileRef = 45673E7D25208DDC003AF2BE /* OrderSheet.swift */; };
/* End PBXBuildFile section */

/* Begin PBXFileReference section */
		4552046E251E58FD00C40EAD /* PizzaRestaurant.app */ = {isa = PBXFileReference; explicitFileType = wrapper.application; includeInIndex = 0; path = PizzaRestaurant.app; sourceTree = BUILT_PRODUCTS_DIR; };
		45520471251E58FD00C40EAD /* PizzaRestaurantApp.swift */ = {isa = PBXFileReference; lastKnownFileType = sourcecode.swift; path = PizzaRestaurantApp.swift; sourceTree = "<group>"; };
		45520473251E58FD00C40EAD /* ContentView.swift */ = {isa = PBXFileReference; lastKnownFileType = sourcecode.swift; path = ContentView.swift; sourceTree = "<group>"; };
		45520475251E590000C40EAD /* Assets.xcassets */ = {isa = PBXFileReference; lastKnownFileType = folder.assetcatalog; path = Assets.xcassets; sourceTree = "<group>"; };
		45520478251E590000C40EAD /* Preview Assets.xcassets */ = {isa = PBXFileReference; lastKnownFileType = folder.assetcatalog; path = "Preview Assets.xcassets"; sourceTree = "<group>"; };
		4552047A251E590000C40EAD /* Persistence.swift */ = {isa = PBXFileReference; lastKnownFileType = sourcecode.swift; path = Persistence.swift; sourceTree = "<group>"; };
		4552047D251E590000C40EAD /* PizzaRestaurant.xcdatamodel */ = {isa = PBXFileReference; lastKnownFileType = wrapper.xcdatamodel; path = PizzaRestaurant.xcdatamodel; sourceTree = "<group>"; };
		4552047F251E590000C40EAD /* Info.plist */ = {isa = PBXFileReference; lastKnownFileType = text.plist.xml; path = Info.plist; sourceTree = "<group>"; };
		45673E5625208959003AF2BE /* Order+CoreDataClass.swift */ = {isa = PBXFileReference; lastKnownFileType = sourcecode.swift; path = "Order+CoreDataClass.swift"; sourceTree = "<group>"; };
		45673E5725208959003AF2BE /* Order+CoreDataProperties.swift */ = {isa = PBXFileReference; lastKnownFileType = sourcecode.swift; path = "Order+CoreDataProperties.swift"; sourceTree = "<group>"; };
		45673E7D25208DDC003AF2BE /* OrderSheet.swift */ = {isa = PBXFileReference; lastKnownFileType = sourcecode.swift; path = OrderSheet.swift; sourceTree = "<group>"; };
/* End PBXFileReference section */

/* Begin PBXFrameworksBuildPhase section */
		4552046B251E58FD00C40EAD /* Frameworks */ = {
			isa = PBXFrameworksBuildPhase;
			buildActionMask = 2147483647;
			files = (
			);
			runOnlyForDeploymentPostprocessing = 0;
		};
/* End PBXFrameworksBuildPhase section */

/* Begin PBXGroup section */
		45520465251E58FD00C40EAD = {
			isa = PBXGroup;
			children = (
				45673E5625208959003AF2BE /* Order+CoreDataClass.swift */,
				45673E5725208959003AF2BE /* Order+CoreDataProperties.swift */,
				45520470251E58FD00C40EAD /* PizzaRestaurant */,
				4552046F251E58FD00C40EAD /* Products */,
			);
			sourceTree = "<group>";
		};
		4552046F251E58FD00C40EAD /* Products */ = {
			isa = PBXGroup;
			children = (
				4552046E251E58FD00C40EAD /* PizzaRestaurant.app */,
			);
			name = Products;
			sourceTree = "<group>";
		};
		45520470251E58FD00C40EAD /* PizzaRestaurant */ = {
			isa = PBXGroup;
			children = (
				45520471251E58FD00C40EAD /* PizzaRestaurantApp.swift */,
				45520473251E58FD00C40EAD /* ContentView.swift */,
				45673E7D25208DDC003AF2BE /* OrderSheet.swift */,
				45520475251E590000C40EAD /* Assets.xcassets */,
				4552047A251E590000C40EAD /* Persistence.swift */,
				4552047F251E590000C40EAD /* Info.plist */,
				4552047C251E590000C40EAD /* PizzaRestaurant.xcdatamodeld */,
				45520477251E590000C40EAD /* Preview Content */,
			);
			path = PizzaRestaurant;
			sourceTree = "<group>";
		};
		45520477251E590000C40EAD /* Preview Content */ = {
			isa = PBXGroup;
			children = (
				45520478251E590000C40EAD /* Preview Assets.xcassets */,
			);
			path = "Preview Content";
			sourceTree = "<group>";
		};
/* End PBXGroup section */

/* Begin PBXNativeTarget section */
		4552046D251E58FD00C40EAD /* PizzaRestaurant */ = {
			isa = PBXNativeTarget;
			buildConfigurationList = 45520482251E590000C40EAD /* Build configuration list for PBXNativeTarget "PizzaRestaurant" */;
			buildPhases = (
				4552046A251E58FD00C40EAD /* Sources */,
				4552046B251E58FD00C40EAD /* Frameworks */,
				4552046C251E58FD00C40EAD /* Resources */,
			);
			buildRules = (
			);
			dependencies = (
			);
			name = PizzaRestaurant;
			productName = PizzaRestaurant;
			productReference = 4552046E251E58FD00C40EAD /* PizzaRestaurant.app */;
			productType = "com.apple.product-type.application";
		};
/* End PBXNativeTarget section */

/* Begin PBXProject section */
		45520466251E58FD00C40EAD /* Project object */ = {
			isa = PBXProject;
			attributes = {
				LastSwiftUpdateCheck = 1200;
				LastUpgradeCheck = 1200;
				TargetAttributes = {
					4552046D251E58FD00C40EAD = {
						CreatedOnToolsVersion = 12.0;
					};
				};
			};
			buildConfigurationList = 45520469251E58FD00C40EAD /* Build configuration list for PBXProject "PizzaRestaurant" */;
			compatibilityVersion = "Xcode 9.3";
			developmentRegion = en;
			hasScannedForEncodings = 0;
			knownRegions = (
				en,
				Base,
			);
			mainGroup = 45520465251E58FD00C40EAD;
			productRefGroup = 4552046F251E58FD00C40EAD /* Products */;
			projectDirPath = "";
			projectRoot = "";
			targets = (
				4552046D251E58FD00C40EAD /* PizzaRestaurant */,
			);
		};
/* End PBXProject section */

/* Begin PBXResourcesBuildPhase section */
		4552046C251E58FD00C40EAD /* Resources */ = {
			isa = PBXResourcesBuildPhase;
			buildActionMask = 2147483647;
			files = (
				45520479251E590000C40EAD /* Preview Assets.xcassets in Resources */,
				45520476251E590000C40EAD /* Assets.xcassets in Resources */,
			);
			runOnlyForDeploymentPostprocessing = 0;
		};
/* End PBXResourcesBuildPhase section */

/* Begin PBXSourcesBuildPhase section */
		4552046A251E58FD00C40EAD /* Sources */ = {
			isa = PBXSourcesBuildPhase;
			buildActionMask = 2147483647;
			files = (
				45673E5925208959003AF2BE /* Order+CoreDataProperties.swift in Sources */,
				4552047B251E590000C40EAD /* Persistence.swift in Sources */,
				45520474251E58FD00C40EAD /* ContentView.swift in Sources */,
				45520472251E58FD00C40EAD /* PizzaRestaurantApp.swift in Sources */,
				45673E5825208959003AF2BE /* Order+CoreDataClass.swift in Sources */,
				45673E7E25208DDC003AF2BE /* OrderSheet.swift in Sources */,
				4552047E251E590000C40EAD /* PizzaRestaurant.xcdatamodeld in Sources */,
			);
			runOnlyForDeploymentPostprocessing = 0;
		};
/* End PBXSourcesBuildPhase section */

/* Begin XCBuildConfiguration section */
		45520480251E590000C40EAD /* Debug */ = {
			isa = XCBuildConfiguration;
			buildSettings = {
				ALWAYS_SEARCH_USER_PATHS = NO;
				CLANG_ANALYZER_NONNULL = YES;
				CLANG_ANALYZER_NUMBER_OBJECT_CONVERSION = YES_AGGRESSIVE;
				CLANG_CXX_LANGUAGE_STANDARD = "gnu++14";
				CLANG_CXX_LIBRARY = "libc++";
				CLANG_ENABLE_MODULES = YES;
				CLANG_ENABLE_OBJC_ARC = YES;
				CLANG_ENABLE_OBJC_WEAK = YES;
				CLANG_WARN_BLOCK_CAPTURE_AUTORELEASING = YES;
				CLANG_WARN_BOOL_CONVERSION = YES;
				CLANG_WARN_COMMA = YES;
				CLANG_WARN_CONSTANT_CONVERSION = YES;
				CLANG_WARN_DEPRECATED_OBJC_IMPLEMENTATIONS = YES;
				CLANG_WARN_DIRECT_OBJC_ISA_USAGE = YES_ERROR;
				CLANG_WARN_DOCUMENTATION_COMMENTS = YES;
				CLANG_WARN_EMPTY_BODY = YES;
				CLANG_WARN_ENUM_CONVERSION = YES;
				CLANG_WARN_INFINITE_RECURSION = YES;
				CLANG_WARN_INT_CONVERSION = YES;
				CLANG_WARN_NON_LITERAL_NULL_CONVERSION = YES;
				CLANG_WARN_OBJC_IMPLICIT_RETAIN_SELF = YES;
				CLANG_WARN_OBJC_LITERAL_CONVERSION = YES;
				CLANG_WARN_OBJC_ROOT_CLASS = YES_ERROR;
				CLANG_WARN_QUOTED_INCLUDE_IN_FRAMEWORK_HEADER = YES;
				CLANG_WARN_RANGE_LOOP_ANALYSIS = YES;
				CLANG_WARN_STRICT_PROTOTYPES = YES;
				CLANG_WARN_SUSPICIOUS_MOVE = YES;
				CLANG_WARN_UNGUARDED_AVAILABILITY = YES_AGGRESSIVE;
				CLANG_WARN_UNREACHABLE_CODE = YES;
				CLANG_WARN__DUPLICATE_METHOD_MATCH = YES;
				COPY_PHASE_STRIP = NO;
				DEBUG_INFORMATION_FORMAT = dwarf;
				ENABLE_STRICT_OBJC_MSGSEND = YES;
				ENABLE_TESTABILITY = YES;
				GCC_C_LANGUAGE_STANDARD = gnu11;
				GCC_DYNAMIC_NO_PIC = NO;
				GCC_NO_COMMON_BLOCKS = YES;
				GCC_OPTIMIZATION_LEVEL = 0;
				GCC_PREPROCESSOR_DEFINITIONS = (
					"DEBUG=1",
					"$(inherited)",
				);
				GCC_WARN_64_TO_32_BIT_CONVERSION = YES;
				GCC_WARN_ABOUT_RETURN_TYPE = YES_ERROR;
				GCC_WARN_UNDECLARED_SELECTOR = YES;
				GCC_WARN_UNINITIALIZED_AUTOS = YES_AGGRESSIVE;
				GCC_WARN_UNUSED_FUNCTION = YES;
				GCC_WARN_UNUSED_VARIABLE = YES;
				IPHONEOS_DEPLOYMENT_TARGET = 14.0;
				MTL_ENABLE_DEBUG_INFO = INCLUDE_SOURCE;
				MTL_FAST_MATH = YES;
				ONLY_ACTIVE_ARCH = YES;
				SDKROOT = iphoneos;
				SWIFT_ACTIVE_COMPILATION_CONDITIONS = DEBUG;
				SWIFT_OPTIMIZATION_LEVEL = "-Onone";
			};
			name = Debug;
		};
		45520481251E590000C40EAD /* Release */ = {
			isa = XCBuildConfiguration;
			buildSettings = {
				ALWAYS_SEARCH_USER_PATHS = NO;
				CLANG_ANALYZER_NONNULL = YES;
				CLANG_ANALYZER_NUMBER_OBJECT_CONVERSION = YES_AGGRESSIVE;
				CLANG_CXX_LANGUAGE_STANDARD = "gnu++14";
				CLANG_CXX_LIBRARY = "libc++";
				CLANG_ENABLE_MODULES = YES;
				CLANG_ENABLE_OBJC_ARC = YES;
				CLANG_ENABLE_OBJC_WEAK = YES;
				CLANG_WARN_BLOCK_CAPTURE_AUTORELEASING = YES;
				CLANG_WARN_BOOL_CONVERSION = YES;
				CLANG_WARN_COMMA = YES;
				CLANG_WARN_CONSTANT_CONVERSION = YES;
				CLANG_WARN_DEPRECATED_OBJC_IMPLEMENTATIONS = YES;
				CLANG_WARN_DIRECT_OBJC_ISA_USAGE = YES_ERROR;
				CLANG_WARN_DOCUMENTATION_COMMENTS = YES;
				CLANG_WARN_EMPTY_BODY = YES;
				CLANG_WARN_ENUM_CONVERSION = YES;
				CLANG_WARN_INFINITE_RECURSION = YES;
				CLANG_WARN_INT_CONVERSION = YES;
				CLANG_WARN_NON_LITERAL_NULL_CONVERSION = YES;
				CLANG_WARN_OBJC_IMPLICIT_RETAIN_SELF = YES;
				CLANG_WARN_OBJC_LITERAL_CONVERSION = YES;
				CLANG_WARN_OBJC_ROOT_CLASS = YES_ERROR;
				CLANG_WARN_QUOTED_INCLUDE_IN_FRAMEWORK_HEADER = YES;
				CLANG_WARN_RANGE_LOOP_ANALYSIS = YES;
				CLANG_WARN_STRICT_PROTOTYPES = YES;
				CLANG_WARN_SUSPICIOUS_MOVE = YES;
				CLANG_WARN_UNGUARDED_AVAILABILITY = YES_AGGRESSIVE;
				CLANG_WARN_UNREACHABLE_CODE = YES;
				CLANG_WARN__DUPLICATE_METHOD_MATCH = YES;
				COPY_PHASE_STRIP = NO;
				DEBUG_INFORMATION_FORMAT = "dwarf-with-dsym";
				ENABLE_NS_ASSERTIONS = NO;
				ENABLE_STRICT_OBJC_MSGSEND = YES;
				GCC_C_LANGUAGE_STANDARD = gnu11;
				GCC_NO_COMMON_BLOCKS = YES;
				GCC_WARN_64_TO_32_BIT_CONVERSION = YES;
				GCC_WARN_ABOUT_RETURN_TYPE = YES_ERROR;
				GCC_WARN_UNDECLARED_SELECTOR = YES;
				GCC_WARN_UNINITIALIZED_AUTOS = YES_AGGRESSIVE;
				GCC_WARN_UNUSED_FUNCTION = YES;
				GCC_WARN_UNUSED_VARIABLE = YES;
				IPHONEOS_DEPLOYMENT_TARGET = 14.0;
				MTL_ENABLE_DEBUG_INFO = NO;
				MTL_FAST_MATH = YES;
				SDKROOT = iphoneos;
				SWIFT_COMPILATION_MODE = wholemodule;
				SWIFT_OPTIMIZATION_LEVEL = "-O";
				VALIDATE_PRODUCT = YES;
			};
			name = Release;
		};
		45520483251E590000C40EAD /* Debug */ = {
			isa = XCBuildConfiguration;
			buildSettings = {
				ASSETCATALOG_COMPILER_APPICON_NAME = AppIcon;
				ASSETCATALOG_COMPILER_GLOBAL_ACCENT_COLOR_NAME = AccentColor;
				CODE_SIGN_STYLE = Automatic;
				DEVELOPMENT_ASSET_PATHS = "\"PizzaRestaurant/Preview Content\"";
				ENABLE_PREVIEWS = YES;
				INFOPLIST_FILE = PizzaRestaurant/Info.plist;
				IPHONEOS_DEPLOYMENT_TARGET = 14.0;
				LD_RUNPATH_SEARCH_PATHS = (
					"$(inherited)",
					"@executable_path/Frameworks",
				);
				PRODUCT_BUNDLE_IDENTIFIER = com.BLCKBIRDS.PizzaRestaurant;
				PRODUCT_NAME = "$(TARGET_NAME)";
				SWIFT_VERSION = 5.0;
				TARGETED_DEVICE_FAMILY = "1,2";
			};
			name = Debug;
		};
		45520484251E590000C40EAD /* Release */ = {
			isa = XCBuildConfiguration;
			buildSettings = {
				ASSETCATALOG_COMPILER_APPICON_NAME = AppIcon;
				ASSETCATALOG_COMPILER_GLOBAL_ACCENT_COLOR_NAME = AccentColor;
				CODE_SIGN_STYLE = Automatic;
				DEVELOPMENT_ASSET_PATHS = "\"PizzaRestaurant/Preview Content\"";
				ENABLE_PREVIEWS = YES;
				INFOPLIST_FILE = PizzaRestaurant/Info.plist;
				IPHONEOS_DEPLOYMENT_TARGET = 14.0;
				LD_RUNPATH_SEARCH_PATHS = (
					"$(inherited)",
					"@executable_path/Frameworks",
				);
				PRODUCT_BUNDLE_IDENTIFIER = com.BLCKBIRDS.PizzaRestaurant;
				PRODUCT_NAME = "$(TARGET_NAME)";
				SWIFT_VERSION = 5.0;
				TARGETED_DEVICE_FAMILY = "1,2";
			};
			name = Release;
		};
/* End XCBuildConfiguration section */

/* Begin XCConfigurationList section */
		45520469251E58FD00C40EAD /* Build configuration list for PBXProject "PizzaRestaurant" */ = {
			isa = XCConfigurationList;
			buildConfigurations = (
				45520480251E590000C40EAD /* Debug */,
				45520481251E590000C40EAD /* Release */,
			);
			defaultConfigurationIsVisible = 0;
			defaultConfigurationName = Release;
		};
		45520482251E590000C40EAD /* Build configuration list for PBXNativeTarget "PizzaRestaurant" */ = {
			isa = XCConfigurationList;
			buildConfigurations = (
				45520483251E590000C40EAD /* Debug */,
				45520484251E590000C40EAD /* Release */,
			);
			defaultConfigurationIsVisible = 0;
			defaultConfigurationName = Release;
		};
/* End XCConfigurationList section */

/* Begin XCVersionGroup section */
		4552047C251E590000C40EAD /* PizzaRestaurant.xcdatamodeld */ = {
			isa = XCVersionGroup;
			children = (
				4552047D251E590000C40EAD /* PizzaRestaurant.xcdatamodel */,
			);
			currentVersion = 4552047D251E590000C40EAD /* PizzaRestaurant.xcdatamodel */;
			path = PizzaRestaurant.xcdatamodeld;
			sourceTree = "<group>";
			versionGroupType = wrapper.xcdatamodel;
		};
/* End XCVersionGroup section */
	};
	rootObject = 45520466251E58FD00C40EAD /* Project object */;
}
